// !$*UTF8*$!
{
	archiveVersion = 1;
	classes = {
	};
	objectVersion = 56;
	objects = {

/* Begin PBXBuildFile section */
		A10000001 /* SpartansPlaycallerApp.swift in Sources */ = {isa = PBXBuildFile; fileRef = A20000001 /* SpartansPlaycallerApp.swift */; };
		A10000002 /* PlayCallerView.swift in Sources */ = {isa = PBXBuildFile; fileRef = A20000002 /* PlayCallerView.swift */; };
		A10000003 /* RouteDiagramView.swift in Sources */ = {isa = PBXBuildFile; fileRef = A20000003 /* RouteDiagramView.swift */; };
		A10000004 /* ReceiverAssignmentView.swift in Sources */ = {isa = PBXBuildFile; fileRef = A20000004 /* ReceiverAssignmentView.swift */; };
		A10000005 /* PlayCallerViewModel.swift in Sources */ = {isa = PBXBuildFile; fileRef = A20000005 /* PlayCallerViewModel.swift */; };
		A10000006 /* Receiver.swift in Sources */ = {isa = PBXBuildFile; fileRef = A20000006 /* Receiver.swift */; };
		A10000007 /* Formation.swift in Sources */ = {isa = PBXBuildFile; fileRef = A20000007 /* Formation.swift */; };
		A10000008 /* RouteNumber.swift in Sources */ = {isa = PBXBuildFile; fileRef = A20000008 /* RouteNumber.swift */; };
		A10000009 /* RouteMeaning.swift in Sources */ = {isa = PBXBuildFile; fileRef = A20000009 /* RouteMeaning.swift */; };
		A10000010 /* RouteAssignment.swift in Sources */ = {isa = PBXBuildFile; fileRef = A20000010 /* RouteAssignment.swift */; };
		A10000011 /* PlayCall.swift in Sources */ = {isa = PBXBuildFile; fileRef = A20000011 /* PlayCall.swift */; };
		A10000012 /* RouteConcept.swift in Sources */ = {isa = PBXBuildFile; fileRef = A20000012 /* RouteConcept.swift */; };
		A10000013 /* ConceptTemplate.swift in Sources */ = {isa = PBXBuildFile; fileRef = A20000013 /* ConceptTemplate.swift */; };
		A10000014 /* PlayCallParser.swift in Sources */ = {isa = PBXBuildFile; fileRef = A20000014 /* PlayCallParser.swift */; };
		A10000015 /* ConceptLibrary.swift in Sources */ = {isa = PBXBuildFile; fileRef = A20000015 /* ConceptLibrary.swift */; };
		A10000016 /* ConceptMatcher.swift in Sources */ = {isa = PBXBuildFile; fileRef = A20000016 /* ConceptMatcher.swift */; };
		A10000017 /* RouteInterpreter.swift in Sources */ = {isa = PBXBuildFile; fileRef = A20000017 /* RouteInterpreter.swift */; };
		A10000018 /* DiagramRenderer.swift in Sources */ = {isa = PBXBuildFile; fileRef = A20000018 /* DiagramRenderer.swift */; };
		A10000019 /* Assets.xcassets in Resources */ = {isa = PBXBuildFile; fileRef = A20000019 /* Assets.xcassets */; };
		A10000020 /* ReceiverMotion.swift in Sources */ = {isa = PBXBuildFile; fileRef = A20000020 /* ReceiverMotion.swift */; };
		A10000021 /* RouteAssignmentError.swift in Sources */ = {isa = PBXBuildFile; fileRef = A20000021 /* RouteAssignmentError.swift */; };
		A10000022 /* ConceptBadgeRow.swift in Sources */ = {isa = PBXBuildFile; fileRef = A20000022 /* ConceptBadgeRow.swift */; };
		A10000023 /* PlayCallerViewModelTests.swift in Sources */ = {isa = PBXBuildFile; fileRef = A20000023 /* PlayCallerViewModelTests.swift */; };
		A10000024 /* ConceptMatcherTests.swift in Sources */ = {isa = PBXBuildFile; fileRef = A20000024 /* ConceptMatcherTests.swift */; };
		A10000025 /* RouteInterpreterTests.swift in Sources */ = {isa = PBXBuildFile; fileRef = A20000025 /* RouteInterpreterTests.swift */; };
		A10000026 /* RouteDiagramViewTests.swift in Sources */ = {isa = PBXBuildFile; fileRef = A20000026 /* RouteDiagramViewTests.swift */; };
		A10000027 /* ReceiverMotionTests.swift in Sources */ = {isa = PBXBuildFile; fileRef = A20000027 /* ReceiverMotionTests.swift */; };
		A10000028 /* RouteSemanticProvider.swift in Sources */ = {isa = PBXBuildFile; fileRef = A20000028 /* RouteSemanticProvider.swift */; };
		A10000029 /* RouteSemanticProviderTests.swift in Sources */ = {isa = PBXBuildFile; fileRef = A20000029 /* RouteSemanticProviderTests.swift */; };
		A10000030 /* SavedPlay.swift in Sources */ = {isa = PBXBuildFile; fileRef = A20000030 /* SavedPlay.swift */; };
		A10000031 /* PlayLibraryStore.swift in Sources */ = {isa = PBXBuildFile; fileRef = A20000031 /* PlayLibraryStore.swift */; };
		A10000032 /* ExportCard.swift in Sources */ = {isa = PBXBuildFile; fileRef = A20000032 /* ExportCard.swift */; };
		A10000033 /* DiagramRenderer+CGContext.swift in Sources */ = {isa = PBXBuildFile; fileRef = A20000033 /* DiagramRenderer+CGContext.swift */; };
		A10000034 /* DiagramConfig+CardScale.swift in Sources */ = {isa = PBXBuildFile; fileRef = A20000034 /* DiagramConfig+CardScale.swift */; };
		A10000035 /* WristbandCardConfig.swift in Sources */ = {isa = PBXBuildFile; fileRef = A20000035 /* WristbandCardConfig.swift */; };
		A10000036 /* WristbandPDFGenerator.swift in Sources */ = {isa = PBXBuildFile; fileRef = A20000036 /* WristbandPDFGenerator.swift */; };
		A10000037 /* CatalogCardConfig.swift in Sources */ = {isa = PBXBuildFile; fileRef = A20000037 /* CatalogCardConfig.swift */; };
		A10000038 /* CatalogPDFGenerator.swift in Sources */ = {isa = PBXBuildFile; fileRef = A20000038 /* CatalogPDFGenerator.swift */; };
		A10000039 /* PlayLibraryView.swift in Sources */ = {isa = PBXBuildFile; fileRef = A20000039 /* PlayLibraryView.swift */; };
		A10000040 /* SavedPlayCodableTests.swift in Sources */ = {isa = PBXBuildFile; fileRef = A20000040 /* SavedPlayCodableTests.swift */; };
		A10000041 /* PlayLibraryStoreTests.swift in Sources */ = {isa = PBXBuildFile; fileRef = A20000041 /* PlayLibraryStoreTests.swift */; };
		A10000042 /* LibraryPersistenceIntegrationTests.swift in Sources */ = {isa = PBXBuildFile; fileRef = A20000042 /* LibraryPersistenceIntegrationTests.swift */; };
		A10000043 /* ExportCardTests.swift in Sources */ = {isa = PBXBuildFile; fileRef = A20000043 /* ExportCardTests.swift */; };
		A10000044 /* DiagramRendererCGContextTests.swift in Sources */ = {isa = PBXBuildFile; fileRef = A20000044 /* DiagramRendererCGContextTests.swift */; };
		A10000045 /* WristbandPDFGeneratorTests.swift in Sources */ = {isa = PBXBuildFile; fileRef = A20000045 /* WristbandPDFGeneratorTests.swift */; };
		A10000046 /* CatalogPDFGeneratorTests.swift in Sources */ = {isa = PBXBuildFile; fileRef = A20000046 /* CatalogPDFGeneratorTests.swift */; };
		A10000047 /* PDFCardHeaderTests.swift in Sources */ = {isa = PBXBuildFile; fileRef = A20000047 /* PDFCardHeaderTests.swift */; };
		A10000048 /* DiagramRendererReceiverLabelTests.swift in Sources */ = {isa = PBXBuildFile; fileRef = A20000048 /* DiagramRendererReceiverLabelTests.swift */; };
		A10000049 /* EditPlayViewModel.swift in Sources */ = {isa = PBXBuildFile; fileRef = A20000049 /* EditPlayViewModel.swift */; };
		A10000050 /* EditPlayView.swift in Sources */ = {isa = PBXBuildFile; fileRef = A20000050 /* EditPlayView.swift */; };
		A10000051 /* EditPlayViewModelTests.swift in Sources */ = {isa = PBXBuildFile; fileRef = A20000051 /* EditPlayViewModelTests.swift */; };
/* End PBXBuildFile section */

/* Begin PBXContainerItemProxy section */
		A90000002 /* PBXContainerItemProxy */ = {
			isa = PBXContainerItemProxy;
			containerPortal = A60000002 /* Project object */;
			proxyType = 1;
			remoteGlobalIDString = A60000001;
			remoteInfo = SpartansPlaycaller;
		};
/* End PBXContainerItemProxy section */

/* Begin PBXFileReference section */
		A20000001 /* SpartansPlaycallerApp.swift */ = {isa = PBXFileReference; lastKnownFileType = sourcecode.swift; path = SpartansPlaycallerApp.swift; sourceTree = "<group>"; };
		A20000002 /* PlayCallerView.swift */ = {isa = PBXFileReference; lastKnownFileType = sourcecode.swift; path = PlayCallerView.swift; sourceTree = "<group>"; };
		A20000003 /* RouteDiagramView.swift */ = {isa = PBXFileReference; lastKnownFileType = sourcecode.swift; path = RouteDiagramView.swift; sourceTree = "<group>"; };
		A20000004 /* ReceiverAssignmentView.swift */ = {isa = PBXFileReference; lastKnownFileType = sourcecode.swift; path = ReceiverAssignmentView.swift; sourceTree = "<group>"; };
		A20000005 /* PlayCallerViewModel.swift */ = {isa = PBXFileReference; lastKnownFileType = sourcecode.swift; path = PlayCallerViewModel.swift; sourceTree = "<group>"; };
		A20000006 /* Receiver.swift */ = {isa = PBXFileReference; lastKnownFileType = sourcecode.swift; path = Receiver.swift; sourceTree = "<group>"; };
		A20000007 /* Formation.swift */ = {isa = PBXFileReference; lastKnownFileType = sourcecode.swift; path = Formation.swift; sourceTree = "<group>"; };
		A20000008 /* RouteNumber.swift */ = {isa = PBXFileReference; lastKnownFileType = sourcecode.swift; path = RouteNumber.swift; sourceTree = "<group>"; };
		A20000009 /* RouteMeaning.swift */ = {isa = PBXFileReference; lastKnownFileType = sourcecode.swift; path = RouteMeaning.swift; sourceTree = "<group>"; };
		A20000010 /* RouteAssignment.swift */ = {isa = PBXFileReference; lastKnownFileType = sourcecode.swift; path = RouteAssignment.swift; sourceTree = "<group>"; };
		A20000011 /* PlayCall.swift */ = {isa = PBXFileReference; lastKnownFileType = sourcecode.swift; path = PlayCall.swift; sourceTree = "<group>"; };
		A20000012 /* RouteConcept.swift */ = {isa = PBXFileReference; lastKnownFileType = sourcecode.swift; path = RouteConcept.swift; sourceTree = "<group>"; };
		A20000013 /* ConceptTemplate.swift */ = {isa = PBXFileReference; lastKnownFileType = sourcecode.swift; path = ConceptTemplate.swift; sourceTree = "<group>"; };
		A20000014 /* PlayCallParser.swift */ = {isa = PBXFileReference; lastKnownFileType = sourcecode.swift; path = PlayCallParser.swift; sourceTree = "<group>"; };
		A20000015 /* ConceptLibrary.swift */ = {isa = PBXFileReference; lastKnownFileType = sourcecode.swift; path = ConceptLibrary.swift; sourceTree = "<group>"; };
		A20000016 /* ConceptMatcher.swift */ = {isa = PBXFileReference; lastKnownFileType = sourcecode.swift; path = ConceptMatcher.swift; sourceTree = "<group>"; };
		A20000017 /* RouteInterpreter.swift */ = {isa = PBXFileReference; lastKnownFileType = sourcecode.swift; path = RouteInterpreter.swift; sourceTree = "<group>"; };
		A20000018 /* DiagramRenderer.swift */ = {isa = PBXFileReference; lastKnownFileType = sourcecode.swift; path = DiagramRenderer.swift; sourceTree = "<group>"; };
		A20000019 /* Assets.xcassets */ = {isa = PBXFileReference; lastKnownFileType = folder.assetcatalog; path = Assets.xcassets; sourceTree = "<group>"; };
		A20000020 /* ReceiverMotion.swift */ = {isa = PBXFileReference; lastKnownFileType = sourcecode.swift; path = ReceiverMotion.swift; sourceTree = "<group>"; };
		A20000021 /* RouteAssignmentError.swift */ = {isa = PBXFileReference; lastKnownFileType = sourcecode.swift; path = RouteAssignmentError.swift; sourceTree = "<group>"; };
		A20000022 /* ConceptBadgeRow.swift */ = {isa = PBXFileReference; lastKnownFileType = sourcecode.swift; path = ConceptBadgeRow.swift; sourceTree = "<group>"; };
		A20000023 /* PlayCallerViewModelTests.swift */ = {isa = PBXFileReference; lastKnownFileType = sourcecode.swift; path = PlayCallerViewModelTests.swift; sourceTree = "<group>"; };
		A20000024 /* ConceptMatcherTests.swift */ = {isa = PBXFileReference; lastKnownFileType = sourcecode.swift; path = ConceptMatcherTests.swift; sourceTree = "<group>"; };
		A20000025 /* RouteInterpreterTests.swift */ = {isa = PBXFileReference; lastKnownFileType = sourcecode.swift; path = RouteInterpreterTests.swift; sourceTree = "<group>"; };
		A20000026 /* RouteDiagramViewTests.swift */ = {isa = PBXFileReference; lastKnownFileType = sourcecode.swift; path = RouteDiagramViewTests.swift; sourceTree = "<group>"; };
		A20000027 /* ReceiverMotionTests.swift */ = {isa = PBXFileReference; lastKnownFileType = sourcecode.swift; path = ReceiverMotionTests.swift; sourceTree = "<group>"; };
		A20000028 /* RouteSemanticProvider.swift */ = {isa = PBXFileReference; lastKnownFileType = sourcecode.swift; path = RouteSemanticProvider.swift; sourceTree = "<group>"; };
		A20000029 /* RouteSemanticProviderTests.swift */ = {isa = PBXFileReference; lastKnownFileType = sourcecode.swift; path = RouteSemanticProviderTests.swift; sourceTree = "<group>"; };
		A20000030 /* SavedPlay.swift */ = {isa = PBXFileReference; lastKnownFileType = sourcecode.swift; path = SavedPlay.swift; sourceTree = "<group>"; };
		A20000031 /* PlayLibraryStore.swift */ = {isa = PBXFileReference; lastKnownFileType = sourcecode.swift; path = PlayLibraryStore.swift; sourceTree = "<group>"; };
		A20000032 /* ExportCard.swift */ = {isa = PBXFileReference; lastKnownFileType = sourcecode.swift; path = ExportCard.swift; sourceTree = "<group>"; };
		A20000033 /* DiagramRenderer+CGContext.swift */ = {isa = PBXFileReference; lastKnownFileType = sourcecode.swift; path = "DiagramRenderer+CGContext.swift"; sourceTree = "<group>"; };
		A20000034 /* DiagramConfig+CardScale.swift */ = {isa = PBXFileReference; lastKnownFileType = sourcecode.swift; path = "DiagramConfig+CardScale.swift"; sourceTree = "<group>"; };
		A20000035 /* WristbandCardConfig.swift */ = {isa = PBXFileReference; lastKnownFileType = sourcecode.swift; path = WristbandCardConfig.swift; sourceTree = "<group>"; };
		A20000036 /* WristbandPDFGenerator.swift */ = {isa = PBXFileReference; lastKnownFileType = sourcecode.swift; path = WristbandPDFGenerator.swift; sourceTree = "<group>"; };
		A20000037 /* CatalogCardConfig.swift */ = {isa = PBXFileReference; lastKnownFileType = sourcecode.swift; path = CatalogCardConfig.swift; sourceTree = "<group>"; };
		A20000038 /* CatalogPDFGenerator.swift */ = {isa = PBXFileReference; lastKnownFileType = sourcecode.swift; path = CatalogPDFGenerator.swift; sourceTree = "<group>"; };
		A20000039 /* PlayLibraryView.swift */ = {isa = PBXFileReference; lastKnownFileType = sourcecode.swift; path = PlayLibraryView.swift; sourceTree = "<group>"; };
		A20000040 /* SavedPlayCodableTests.swift */ = {isa = PBXFileReference; lastKnownFileType = sourcecode.swift; path = SavedPlayCodableTests.swift; sourceTree = "<group>"; };
		A20000041 /* PlayLibraryStoreTests.swift */ = {isa = PBXFileReference; lastKnownFileType = sourcecode.swift; path = PlayLibraryStoreTests.swift; sourceTree = "<group>"; };
		A20000042 /* LibraryPersistenceIntegrationTests.swift */ = {isa = PBXFileReference; lastKnownFileType = sourcecode.swift; path = LibraryPersistenceIntegrationTests.swift; sourceTree = "<group>"; };
		A20000043 /* ExportCardTests.swift */ = {isa = PBXFileReference; lastKnownFileType = sourcecode.swift; path = ExportCardTests.swift; sourceTree = "<group>"; };
		A20000044 /* DiagramRendererCGContextTests.swift */ = {isa = PBXFileReference; lastKnownFileType = sourcecode.swift; path = DiagramRendererCGContextTests.swift; sourceTree = "<group>"; };
		A20000045 /* WristbandPDFGeneratorTests.swift */ = {isa = PBXFileReference; lastKnownFileType = sourcecode.swift; path = WristbandPDFGeneratorTests.swift; sourceTree = "<group>"; };
		A20000046 /* CatalogPDFGeneratorTests.swift */ = {isa = PBXFileReference; lastKnownFileType = sourcecode.swift; path = CatalogPDFGeneratorTests.swift; sourceTree = "<group>"; };
		A20000047 /* PDFCardHeaderTests.swift */ = {isa = PBXFileReference; lastKnownFileType = sourcecode.swift; path = PDFCardHeaderTests.swift; sourceTree = "<group>"; };
		A20000048 /* DiagramRendererReceiverLabelTests.swift */ = {isa = PBXFileReference; lastKnownFileType = sourcecode.swift; path = DiagramRendererReceiverLabelTests.swift; sourceTree = "<group>"; };
		A20000049 /* EditPlayViewModel.swift */ = {isa = PBXFileReference; lastKnownFileType = sourcecode.swift; path = EditPlayViewModel.swift; sourceTree = "<group>"; };
		A20000050 /* EditPlayView.swift */ = {isa = PBXFileReference; lastKnownFileType = sourcecode.swift; path = EditPlayView.swift; sourceTree = "<group>"; };
		A20000051 /* EditPlayViewModelTests.swift */ = {isa = PBXFileReference; lastKnownFileType = sourcecode.swift; path = EditPlayViewModelTests.swift; sourceTree = "<group>"; };
		A30000001 /* SpartansPlaycaller.app */ = {isa = PBXFileReference; explicitFileType = wrapper.application; includeInIndex = 0; path = SpartansPlaycaller.app; sourceTree = BUILT_PRODUCTS_DIR; };
		A30000002 /* SpartansPlaycallerTests.xctest */ = {isa = PBXFileReference; explicitFileType = wrapper.cfbundle; includeInIndex = 0; path = SpartansPlaycallerTests.xctest; sourceTree = BUILT_PRODUCTS_DIR; };
/* End PBXFileReference section */

/* Begin PBXFrameworksBuildPhase section */
		A40000001 /* Frameworks */ = {
			isa = PBXFrameworksBuildPhase;
			buildActionMask = 2147483647;
			files = (
			);
			runOnlyForDeploymentPostprocessing = 0;
		};
		A40000002 /* Frameworks */ = {
			isa = PBXFrameworksBuildPhase;
			buildActionMask = 2147483647;
			files = (
			);
			runOnlyForDeploymentPostprocessing = 0;
		};
/* End PBXFrameworksBuildPhase section */

/* Begin PBXGroup section */
		A50000001 = {
			isa = PBXGroup;
			children = (
				A50000002 /* SpartansPlaycaller */,
				A50000008 /* SpartansPlaycallerTests */,
				A50000007 /* Products */,
			);
			sourceTree = "<group>";
		};
		A50000002 /* SpartansPlaycaller */ = {
			isa = PBXGroup;
			children = (
				A20000001 /* SpartansPlaycallerApp.swift */,
				A50000003 /* Models */,
				A50000004 /* Services */,
				A50000005 /* ViewModels */,
				A50000006 /* Views */,
				A20000019 /* Assets.xcassets */,
			);
			path = SpartansPlaycaller;
			sourceTree = "<group>";
		};
		A50000003 /* Models */ = {
			isa = PBXGroup;
			children = (
				A20000006 /* Receiver.swift */,
				A20000007 /* Formation.swift */,
				A20000008 /* RouteNumber.swift */,
				A20000009 /* RouteMeaning.swift */,
				A20000010 /* RouteAssignment.swift */,
				A20000020 /* ReceiverMotion.swift */,
				A20000021 /* RouteAssignmentError.swift */,
				A20000011 /* PlayCall.swift */,
				A20000012 /* RouteConcept.swift */,
				A20000013 /* ConceptTemplate.swift */,
				A20000028 /* RouteSemanticProvider.swift */,
				A20000030 /* SavedPlay.swift */,
				A20000032 /* ExportCard.swift */,
				A20000034 /* DiagramConfig+CardScale.swift */,
				A20000035 /* WristbandCardConfig.swift */,
				A20000037 /* CatalogCardConfig.swift */,
			);
			path = Models;
			sourceTree = "<group>";
		};
		A50000004 /* Services */ = {
			isa = PBXGroup;
			children = (
				A20000014 /* PlayCallParser.swift */,
				A20000015 /* ConceptLibrary.swift */,
				A20000016 /* ConceptMatcher.swift */,
				A20000017 /* RouteInterpreter.swift */,
				A20000018 /* DiagramRenderer.swift */,
				A20000031 /* PlayLibraryStore.swift */,
				A20000033 /* DiagramRenderer+CGContext.swift */,
				A20000036 /* WristbandPDFGenerator.swift */,
				A20000038 /* CatalogPDFGenerator.swift */,
			);
			path = Services;
			sourceTree = "<group>";
		};
		A50000005 /* ViewModels */ = {
			isa = PBXGroup;
			children = (
				A20000005 /* PlayCallerViewModel.swift */,
				A20000049 /* EditPlayViewModel.swift */,
			);
			path = ViewModels;
			sourceTree = "<group>";
		};
		A50000006 /* Views */ = {
			isa = PBXGroup;
			children = (
				A20000002 /* PlayCallerView.swift */,
				A20000003 /* RouteDiagramView.swift */,
				A20000004 /* ReceiverAssignmentView.swift */,
				A20000022 /* ConceptBadgeRow.swift */,
				A20000039 /* PlayLibraryView.swift */,
				A20000050 /* EditPlayView.swift */,
			);
			path = Views;
			sourceTree = "<group>";
		};
		A50000007 /* Products */ = {
			isa = PBXGroup;
			children = (
				A30000001 /* SpartansPlaycaller.app */,
				A30000002 /* SpartansPlaycallerTests.xctest */,
			);
			name = Products;
			sourceTree = "<group>";
		};
		A50000008 /* SpartansPlaycallerTests */ = {
			isa = PBXGroup;
			children = (
				A20000023 /* PlayCallerViewModelTests.swift */,
				A20000024 /* ConceptMatcherTests.swift */,
				A20000025 /* RouteInterpreterTests.swift */,
				A20000026 /* RouteDiagramViewTests.swift */,
				A20000027 /* ReceiverMotionTests.swift */,
				A20000029 /* RouteSemanticProviderTests.swift */,
				A20000040 /* SavedPlayCodableTests.swift */,
				A20000041 /* PlayLibraryStoreTests.swift */,
				A20000042 /* LibraryPersistenceIntegrationTests.swift */,
				A20000043 /* ExportCardTests.swift */,
				A20000044 /* DiagramRendererCGContextTests.swift */,
				A20000045 /* WristbandPDFGeneratorTests.swift */,
				A20000046 /* CatalogPDFGeneratorTests.swift */,
				A20000047 /* PDFCardHeaderTests.swift */,
				A20000048 /* DiagramRendererReceiverLabelTests.swift */,
				A20000051 /* EditPlayViewModelTests.swift */,
			);
			path = SpartansPlaycallerTests;
			sourceTree = "<group>";
		};
/* End PBXGroup section */

/* Begin PBXNativeTarget section */
		A60000001 /* SpartansPlaycaller */ = {
			isa = PBXNativeTarget;
			buildConfigurationList = A80000003 /* Build configuration list for PBXNativeTarget "SpartansPlaycaller" */;
			buildPhases = (
				A70000001 /* Sources */,
				A40000001 /* Frameworks */,
				A70000002 /* Resources */,
			);
			buildRules = (
			);
			dependencies = (
			);
			name = SpartansPlaycaller;
			productName = SpartansPlaycaller;
			productReference = A30000001 /* SpartansPlaycaller.app */;
			productType = "com.apple.product-type.application";
		};
		A60000003 /* SpartansPlaycallerTests */ = {
			isa = PBXNativeTarget;
			buildConfigurationList = A80000008 /* Build configuration list for PBXNativeTarget "SpartansPlaycallerTests" */;
			buildPhases = (
				A70000003 /* Sources */,
				A40000002 /* Frameworks */,
			);
			buildRules = (
			);
			dependencies = (
				A90000001 /* PBXTargetDependency */,
			);
			name = SpartansPlaycallerTests;
			productName = SpartansPlaycallerTests;
			productReference = A30000002 /* SpartansPlaycallerTests.xctest */;
			productType = "com.apple.product-type.bundle.unit-test";
		};
/* End PBXNativeTarget section */

/* Begin PBXProject section */
		A60000002 /* Project object */ = {
			isa = PBXProject;
			attributes = {
				BuildIndependentTargetsInParallel = 1;
				LastSwiftUpdateCheck = 1540;
				LastUpgradeCheck = 2620;
				TargetAttributes = {
					A60000001 = {
						CreatedOnToolsVersion = 15.4;
					};
					A60000003 = {
						CreatedOnToolsVersion = 15.4;
					};
				};
			};
			buildConfigurationList = A80000001 /* Build configuration list for PBXProject "SpartansPlaycaller" */;
			compatibilityVersion = "Xcode 14.0";
			developmentRegion = en;
			hasScannedForEncodings = 0;
			knownRegions = (
				en,
				Base,
			);
			mainGroup = A50000001;
			productRefGroup = A50000007 /* Products */;
			projectDirPath = "";
			projectRoot = "";
			targets = (
				A60000001 /* SpartansPlaycaller */,
				A60000003 /* SpartansPlaycallerTests */,
			);
		};
/* End PBXProject section */

/* Begin PBXResourcesBuildPhase section */
		A70000002 /* Resources */ = {
			isa = PBXResourcesBuildPhase;
			buildActionMask = 2147483647;
			files = (
				A10000019 /* Assets.xcassets in Resources */,
			);
			runOnlyForDeploymentPostprocessing = 0;
		};
/* End PBXResourcesBuildPhase section */

/* Begin PBXSourcesBuildPhase section */
		A70000001 /* Sources */ = {
			isa = PBXSourcesBuildPhase;
			buildActionMask = 2147483647;
			files = (
				A10000001 /* SpartansPlaycallerApp.swift in Sources */,
				A10000002 /* PlayCallerView.swift in Sources */,
				A10000003 /* RouteDiagramView.swift in Sources */,
				A10000004 /* ReceiverAssignmentView.swift in Sources */,
				A10000005 /* PlayCallerViewModel.swift in Sources */,
				A10000006 /* Receiver.swift in Sources */,
				A10000007 /* Formation.swift in Sources */,
				A10000008 /* RouteNumber.swift in Sources */,
				A10000009 /* RouteMeaning.swift in Sources */,
				A10000010 /* RouteAssignment.swift in Sources */,
				A10000011 /* PlayCall.swift in Sources */,
				A10000012 /* RouteConcept.swift in Sources */,
				A10000013 /* ConceptTemplate.swift in Sources */,
				A10000014 /* PlayCallParser.swift in Sources */,
				A10000015 /* ConceptLibrary.swift in Sources */,
				A10000016 /* ConceptMatcher.swift in Sources */,
				A10000017 /* RouteInterpreter.swift in Sources */,
				A10000018 /* DiagramRenderer.swift in Sources */,
				A10000020 /* ReceiverMotion.swift in Sources */,
				A10000021 /* RouteAssignmentError.swift in Sources */,
				A10000022 /* ConceptBadgeRow.swift in Sources */,
				A10000028 /* RouteSemanticProvider.swift in Sources */,
				A10000030 /* SavedPlay.swift in Sources */,
				A10000031 /* PlayLibraryStore.swift in Sources */,
				A10000032 /* ExportCard.swift in Sources */,
				A10000033 /* DiagramRenderer+CGContext.swift in Sources */,
				A10000034 /* DiagramConfig+CardScale.swift in Sources */,
				A10000035 /* WristbandCardConfig.swift in Sources */,
				A10000036 /* WristbandPDFGenerator.swift in Sources */,
				A10000037 /* CatalogCardConfig.swift in Sources */,
				A10000038 /* CatalogPDFGenerator.swift in Sources */,
				A10000039 /* PlayLibraryView.swift in Sources */,
				A10000049 /* EditPlayViewModel.swift in Sources */,
				A10000050 /* EditPlayView.swift in Sources */,
			);
			runOnlyForDeploymentPostprocessing = 0;
		};
		A70000003 /* Sources */ = {
			isa = PBXSourcesBuildPhase;
			buildActionMask = 2147483647;
			files = (
				A10000023 /* PlayCallerViewModelTests.swift in Sources */,
				A10000024 /* ConceptMatcherTests.swift in Sources */,
				A10000025 /* RouteInterpreterTests.swift in Sources */,
				A10000026 /* RouteDiagramViewTests.swift in Sources */,
				A10000027 /* ReceiverMotionTests.swift in Sources */,
				A10000029 /* RouteSemanticProviderTests.swift in Sources */,
				A10000040 /* SavedPlayCodableTests.swift in Sources */,
				A10000041 /* PlayLibraryStoreTests.swift in Sources */,
				A10000042 /* LibraryPersistenceIntegrationTests.swift in Sources */,
				A10000043 /* ExportCardTests.swift in Sources */,
				A10000044 /* DiagramRendererCGContextTests.swift in Sources */,
				A10000045 /* WristbandPDFGeneratorTests.swift in Sources */,
				A10000046 /* CatalogPDFGeneratorTests.swift in Sources */,
				A10000047 /* PDFCardHeaderTests.swift in Sources */,
				A10000048 /* DiagramRendererReceiverLabelTests.swift in Sources */,
				A10000051 /* EditPlayViewModelTests.swift in Sources */,
			);
			runOnlyForDeploymentPostprocessing = 0;
		};
/* End PBXSourcesBuildPhase section */

/* Begin PBXTargetDependency section */
		A90000001 /* PBXTargetDependency */ = {
			isa = PBXTargetDependency;
			target = A60000001 /* SpartansPlaycaller */;
			targetProxy = A90000002 /* PBXContainerItemProxy */;
		};
/* End PBXTargetDependency section */

/* Begin XCBuildConfiguration section */
		A80000004 /* Debug */ = {
			isa = XCBuildConfiguration;
			buildSettings = {
				ALWAYS_SEARCH_USER_PATHS = NO;
				ASSETCATALOG_COMPILER_GENERATE_SWIFT_ASSET_SYMBOL_EXTENSIONS = YES;
				CLANG_ANALYZER_NONNULL = YES;
				CLANG_ANALYZER_NUMBER_OBJECT_CONVERSION = YES_AGGRESSIVE;
				CLANG_CXX_LANGUAGE_STANDARD = "gnu++20";
				CLANG_ENABLE_MODULES = YES;
				CLANG_ENABLE_OBJC_ARC = YES;
				CLANG_ENABLE_OBJC_WEAK = YES;
				CLANG_WARN_BLOCK_CAPTURE_AUTORELEASING = YES;
				CLANG_WARN_BOOL_CONVERSION = YES;
				CLANG_WARN_COMMA = YES;
				CLANG_WARN_CONSTANT_CONVERSION = YES;
				CLANG_WARN_DEPRECATED_OBJC_IMPLEMENTATIONS = YES;
				CLANG_WARN_DIRECT_OBJC_ISA_USAGE = YES_ERROR;
				CLANG_WARN_DOCUMENTATION_COMMENTS = YES;
				CLANG_WARN_EMPTY_BODY = YES;
				CLANG_WARN_ENUM_CONVERSION = YES;
				CLANG_WARN_INFINITE_RECURSION = YES;
				CLANG_WARN_INT_CONVERSION = YES;
				CLANG_WARN_NON_LITERAL_NULL_CONVERSION = YES;
				CLANG_WARN_OBJC_IMPLICIT_RETAIN_SELF = YES;
				CLANG_WARN_OBJC_LITERAL_CONVERSION = YES;
				CLANG_WARN_OBJC_ROOT_CLASS = YES_ERROR;
				CLANG_WARN_QUOTED_INCLUDE_IN_FRAMEWORK_HEADER = YES;
				CLANG_WARN_RANGE_LOOP_ANALYSIS = YES;
				CLANG_WARN_STRICT_PROTOTYPES = YES;
				CLANG_WARN_SUSPICIOUS_MOVE = YES;
				CLANG_WARN_UNGUARDED_AVAILABILITY = YES_AGGRESSIVE;
				CLANG_WARN_UNREACHABLE_CODE = YES;
				CLANG_WARN__DUPLICATE_METHOD_MATCH = YES;
				COPY_PHASE_STRIP = NO;
				DEBUG_INFORMATION_FORMAT = dwarf;
				DEVELOPMENT_TEAM = J866SFQLL4;
				ENABLE_STRICT_OBJC_MSGSEND = YES;
				ENABLE_TESTABILITY = YES;
				ENABLE_USER_SCRIPT_SANDBOXING = YES;
				GCC_C_LANGUAGE_STANDARD = gnu17;
				GCC_DYNAMIC_NO_PIC = NO;
				GCC_NO_COMMON_BLOCKS = YES;
				GCC_OPTIMIZATION_LEVEL = 0;
				GCC_PREPROCESSOR_DEFINITIONS = (
					"DEBUG=1",
					"$(inherited)",
				);
				GCC_WARN_64_TO_32_BIT_CONVERSION = YES;
				GCC_WARN_ABOUT_RETURN_TYPE = YES_ERROR;
				GCC_WARN_UNDECLARED_SELECTOR = YES;
				GCC_WARN_UNINITIALIZED_AUTOS = YES_AGGRESSIVE;
				GCC_WARN_UNUSED_FUNCTION = YES;
				GCC_WARN_UNUSED_VARIABLE = YES;
				IPHONEOS_DEPLOYMENT_TARGET = 17.0;
				LOCALIZATION_PREFERS_STRING_CATALOGS = YES;
				MTL_ENABLE_DEBUG_INFO = INCLUDE_SOURCE;
				MTL_FAST_MATH = YES;
				ONLY_ACTIVE_ARCH = YES;
				SDKROOT = iphoneos;
				STRING_CATALOG_GENERATE_SYMBOLS = YES;
				SWIFT_ACTIVE_COMPILATION_CONDITIONS = "DEBUG $(inherited)";
				SWIFT_OPTIMIZATION_LEVEL = "-Onone";
			};
			name = Debug;
		};
		A80000005 /* Release */ = {
			isa = XCBuildConfiguration;
			buildSettings = {
				ALWAYS_SEARCH_USER_PATHS = NO;
				ASSETCATALOG_COMPILER_GENERATE_SWIFT_ASSET_SYMBOL_EXTENSIONS = YES;
				CLANG_ANALYZER_NONNULL = YES;
				CLANG_ANALYZER_NUMBER_OBJECT_CONVERSION = YES_AGGRESSIVE;
				CLANG_CXX_LANGUAGE_STANDARD = "gnu++20";
				CLANG_ENABLE_MODULES = YES;
				CLANG_ENABLE_OBJC_ARC = YES;
				CLANG_ENABLE_OBJC_WEAK = YES;
				CLANG_WARN_BLOCK_CAPTURE_AUTORELEASING = YES;
				CLANG_WARN_BOOL_CONVERSION = YES;
				CLANG_WARN_COMMA = YES;
				CLANG_WARN_CONSTANT_CONVERSION = YES;
				CLANG_WARN_DEPRECATED_OBJC_IMPLEMENTATIONS = YES;
				CLANG_WARN_DIRECT_OBJC_ISA_USAGE = YES_ERROR;
				CLANG_WARN_DOCUMENTATION_COMMENTS = YES;
				CLANG_WARN_EMPTY_BODY = YES;
				CLANG_WARN_ENUM_CONVERSION = YES;
				CLANG_WARN_INFINITE_RECURSION = YES;
				CLANG_WARN_INT_CONVERSION = YES;
				CLANG_WARN_NON_LITERAL_NULL_CONVERSION = YES;
				CLANG_WARN_OBJC_IMPLICIT_RETAIN_SELF = YES;
				CLANG_WARN_OBJC_LITERAL_CONVERSION = YES;
				CLANG_WARN_OBJC_ROOT_CLASS = YES_ERROR;
				CLANG_WARN_QUOTED_INCLUDE_IN_FRAMEWORK_HEADER = YES;
				CLANG_WARN_RANGE_LOOP_ANALYSIS = YES;
				CLANG_WARN_STRICT_PROTOTYPES = YES;
				CLANG_WARN_SUSPICIOUS_MOVE = YES;
				CLANG_WARN_UNGUARDED_AVAILABILITY = YES_AGGRESSIVE;
				CLANG_WARN_UNREACHABLE_CODE = YES;
				CLANG_WARN__DUPLICATE_METHOD_MATCH = YES;
				COPY_PHASE_STRIP = NO;
				DEBUG_INFORMATION_FORMAT = "dwarf-with-dsym";
				DEVELOPMENT_TEAM = J866SFQLL4;
				ENABLE_NS_ASSERTIONS = NO;
				ENABLE_STRICT_OBJC_MSGSEND = YES;
				ENABLE_USER_SCRIPT_SANDBOXING = YES;
				GCC_C_LANGUAGE_STANDARD = gnu17;
				GCC_NO_COMMON_BLOCKS = YES;
				GCC_WARN_64_TO_32_BIT_CONVERSION = YES;
				GCC_WARN_ABOUT_RETURN_TYPE = YES_ERROR;
				GCC_WARN_UNDECLARED_SELECTOR = YES;
				GCC_WARN_UNINITIALIZED_AUTOS = YES_AGGRESSIVE;
				GCC_WARN_UNUSED_FUNCTION = YES;
				GCC_WARN_UNUSED_VARIABLE = YES;
				IPHONEOS_DEPLOYMENT_TARGET = 17.0;
				LOCALIZATION_PREFERS_STRING_CATALOGS = YES;
				MTL_ENABLE_DEBUG_INFO = NO;
				MTL_FAST_MATH = YES;
				SDKROOT = iphoneos;
				STRING_CATALOG_GENERATE_SYMBOLS = YES;
				SWIFT_COMPILATION_MODE = wholemodule;
				VALIDATE_PRODUCT = YES;
			};
			name = Release;
		};
		A80000006 /* Debug */ = {
			isa = XCBuildConfiguration;
			buildSettings = {
				ASSETCATALOG_COMPILER_APPICON_NAME = AppIcon;
				ASSETCATALOG_COMPILER_GLOBAL_ACCENT_COLOR_NAME = AccentColor;
				CODE_SIGN_IDENTITY = "Apple Development";
				CODE_SIGN_STYLE = Automatic;
				CURRENT_PROJECT_VERSION = 3;
				DEVELOPMENT_TEAM = J866SFQLL4;
				GENERATE_INFOPLIST_FILE = YES;
				INFOPLIST_KEY_UIApplicationSceneManifest_Generation = YES;
				INFOPLIST_KEY_UIApplicationSupportsIndirectInputEvents = YES;
				INFOPLIST_KEY_UILaunchScreen_Generation = YES;
				INFOPLIST_KEY_UISupportedInterfaceOrientations_iPad = "UIInterfaceOrientationPortrait UIInterfaceOrientationPortraitUpsideDown UIInterfaceOrientationLandscapeLeft UIInterfaceOrientationLandscapeRight";
				INFOPLIST_KEY_UISupportedInterfaceOrientations_iPhone = "UIInterfaceOrientationPortrait UIInterfaceOrientationLandscapeLeft UIInterfaceOrientationLandscapeRight";
				LD_RUNPATH_SEARCH_PATHS = (
					"$(inherited)",
					"@executable_path/Frameworks",
				);
				MARKETING_VERSION = 1.2.1;
				PRODUCT_BUNDLE_IDENTIFIER = com.spartans.playcaller;
				PRODUCT_NAME = "$(TARGET_NAME)";
				PROVISIONING_PROFILE_SPECIFIER = "";
				SUPPORTED_PLATFORMS = "iphoneos iphonesimulator";
				SUPPORTS_MACCATALYST = NO;
				SWIFT_EMIT_LOC_STRINGS = YES;
				SWIFT_VERSION = 5.0;
				TARGETED_DEVICE_FAMILY = "1,2";
			};
			name = Debug;
		};
		A80000007 /* Release */ = {
			isa = XCBuildConfiguration;
			buildSettings = {
				ASSETCATALOG_COMPILER_APPICON_NAME = AppIcon;
				ASSETCATALOG_COMPILER_GLOBAL_ACCENT_COLOR_NAME = AccentColor;
				CODE_SIGN_IDENTITY = "Apple Development";
				CODE_SIGN_STYLE = Automatic;
				CURRENT_PROJECT_VERSION = 3;
				DEVELOPMENT_TEAM = J866SFQLL4;
				GENERATE_INFOPLIST_FILE = YES;
				INFOPLIST_KEY_UIApplicationSceneManifest_Generation = YES;
				INFOPLIST_KEY_UIApplicationSupportsIndirectInputEvents = YES;
				INFOPLIST_KEY_UILaunchScreen_Generation = YES;
				INFOPLIST_KEY_UISupportedInterfaceOrientations_iPad = "UIInterfaceOrientationPortrait UIInterfaceOrientationPortraitUpsideDown UIInterfaceOrientationLandscapeLeft UIInterfaceOrientationLandscapeRight";
				INFOPLIST_KEY_UISupportedInterfaceOrientations_iPhone = "UIInterfaceOrientationPortrait UIInterfaceOrientationLandscapeLeft UIInterfaceOrientationLandscapeRight";
				LD_RUNPATH_SEARCH_PATHS = (
					"$(inherited)",
					"@executable_path/Frameworks",
				);
				MARKETING_VERSION = 1.2.1;
				PRODUCT_BUNDLE_IDENTIFIER = com.spartans.playcaller;
				PRODUCT_NAME = "$(TARGET_NAME)";
				PROVISIONING_PROFILE_SPECIFIER = "";
				SUPPORTED_PLATFORMS = "iphoneos iphonesimulator";
				SUPPORTS_MACCATALYST = NO;
				SWIFT_EMIT_LOC_STRINGS = YES;
				SWIFT_VERSION = 5.0;
				TARGETED_DEVICE_FAMILY = "1,2";
			};
			name = Release;
		};
		A80000009 /* Debug */ = {
			isa = XCBuildConfiguration;
			buildSettings = {
				BUNDLE_LOADER = "$(TEST_HOST)";
				CODE_SIGN_STYLE = Automatic;
				CURRENT_PROJECT_VERSION = 3;
				GENERATE_INFOPLIST_FILE = YES;
				IPHONEOS_DEPLOYMENT_TARGET = 17.0;
				LD_RUNPATH_SEARCH_PATHS = (
					"$(inherited)",
					"@executable_path/Frameworks",
					"@loader_path/Frameworks",
				);
				MARKETING_VERSION = 1.2.1;
				PRODUCT_BUNDLE_IDENTIFIER = com.spartans.playcallerTests;
				PRODUCT_NAME = "$(TARGET_NAME)";
				SUPPORTED_PLATFORMS = "iphoneos iphonesimulator";
				SWIFT_EMIT_LOC_STRINGS = NO;
				SWIFT_VERSION = 5.0;
				TARGETED_DEVICE_FAMILY = "1,2";
				TEST_HOST = "$(BUILT_PRODUCTS_DIR)/SpartansPlaycaller.app/SpartansPlaycaller";
			};
			name = Debug;
		};
		A80000010 /* Release */ = {
			isa = XCBuildConfiguration;
			buildSettings = {
				BUNDLE_LOADER = "$(TEST_HOST)";
				CODE_SIGN_STYLE = Automatic;
				CURRENT_PROJECT_VERSION = 3;
				GENERATE_INFOPLIST_FILE = YES;
				IPHONEOS_DEPLOYMENT_TARGET = 17.0;
				LD_RUNPATH_SEARCH_PATHS = (
					"$(inherited)",
					"@executable_path/Frameworks",
					"@loader_path/Frameworks",
				);
				MARKETING_VERSION = 1.2.1;
				PRODUCT_BUNDLE_IDENTIFIER = com.spartans.playcallerTests;
				PRODUCT_NAME = "$(TARGET_NAME)";
				SUPPORTED_PLATFORMS = "iphoneos iphonesimulator";
				SWIFT_EMIT_LOC_STRINGS = NO;
				SWIFT_VERSION = 5.0;
				TARGETED_DEVICE_FAMILY = "1,2";
				TEST_HOST = "$(BUILT_PRODUCTS_DIR)/SpartansPlaycaller.app/SpartansPlaycaller";
			};
			name = Release;
		};
/* End XCBuildConfiguration section */

/* Begin XCConfigurationList section */
		A80000001 /* Build configuration list for PBXProject "SpartansPlaycaller" */ = {
			isa = XCConfigurationList;
			buildConfigurations = (
				A80000004 /* Debug */,
				A80000005 /* Release */,
			);
			defaultConfigurationIsVisible = 0;
			defaultConfigurationName = Release;
		};
		A80000003 /* Build configuration list for PBXNativeTarget "SpartansPlaycaller" */ = {
			isa = XCConfigurationList;
			buildConfigurations = (
				A80000006 /* Debug */,
				A80000007 /* Release */,
			);
			defaultConfigurationIsVisible = 0;
			defaultConfigurationName = Release;
		};
		A80000008 /* Build configuration list for PBXNativeTarget "SpartansPlaycallerTests" */ = {
			isa = XCConfigurationList;
			buildConfigurations = (
				A80000009 /* Debug */,
				A80000010 /* Release */,
			);
			defaultConfigurationIsVisible = 0;
			defaultConfigurationName = Release;
		};
/* End XCConfigurationList section */
	};
	rootObject = A60000002 /* Project object */;
}
